
Microsoft Visual Studio Solution File, Format Version 11.00
# Visual Studio 2010
Project("{8BC9CEB8-8B4A-11D0-8D11-00A0C91BC942}") = "IsolineCreator", "IsolineCreator\IsolineCreator.vcxproj", "{14F9525F-D416-425A-BBEE-2E9E1BD3A1CC}"
EndProject
Project("{8BC9CEB8-8B4A-11D0-8D11-00A0C91BC942}") = "Consistency", "Consistency\Consistency.vcxproj", "{2D500015-E100-4483-992C-4555CCC12305}"
EndProject
Project("{8BC9CEB8-8B4A-11D0-8D11-00A0C91BC942}") = "WrfDataLoader", "WrfDataLoader\WrfDataLoader.vcxproj", "{596C1F35-602E-4105-B1E1-C26740B462EA}"
EndProject
Project("{8BC9CEB8-8B4A-11D0-8D11-00A0C91BC942}") = "VolumeRenderer", "VolumeRenderer\VolumeRenderer.vcxproj", "{7FE85B25-22CF-4CB1-945A-99613AD3CEED}"
EndProject
Project("{8BC9CEB8-8B4A-11D0-8D11-00A0C91BC942}") = "WrfInterpolationSolver", "WrfInterpolationSolver\WrfInterpolationSolver.vcxproj", "{5A5EC128-73CD-4A69-9C53-88154EE1AA73}"
EndProject
Project("{8BC9CEB8-8B4A-11D0-8D11-00A0C91BC942}") = "WrfVisualizationPlatform", "WrfVisualizationPlatform\WrfVisualizationPlatform.vcxproj", "{4D4F44FA-5ED1-4D18-8E88-795F1B2D0CDA}"
EndProject
Project("{8BC9CEB8-8B4A-11D0-8D11-00A0C91BC942}") = "WrfCommon", "WrfCommon\WrfCommon.vcxproj", "{334ED6D4-4749-4373-9732-8CE87FF9DB45}"
EndProject
Global
	GlobalSection(SolutionConfigurationPlatforms) = preSolution
		Debug|Win32 = Debug|Win32
		Debug|x64 = Debug|x64
		Release|Win32 = Release|Win32
		Release|x64 = Release|x64
	EndGlobalSection
	GlobalSection(ProjectConfigurationPlatforms) = postSolution
		{14F9525F-D416-425A-BBEE-2E9E1BD3A1CC}.Debug|Win32.ActiveCfg = Debug|Win32
		{14F9525F-D416-425A-BBEE-2E9E1BD3A1CC}.Debug|Win32.Build.0 = Debug|Win32
		{14F9525F-D416-425A-BBEE-2E9E1BD3A1CC}.Debug|x64.ActiveCfg = Debug|x64
		{14F9525F-D416-425A-BBEE-2E9E1BD3A1CC}.Debug|x64.Build.0 = Debug|x64
		{14F9525F-D416-425A-BBEE-2E9E1BD3A1CC}.Release|Win32.ActiveCfg = Release|Win32
		{14F9525F-D416-425A-BBEE-2E9E1BD3A1CC}.Release|Win32.Build.0 = Release|Win32
		{14F9525F-D416-425A-BBEE-2E9E1BD3A1CC}.Release|x64.ActiveCfg = Release|x64
		{2D500015-E100-4483-992C-4555CCC12305}.Debug|Win32.ActiveCfg = Debug|Win32
		{2D500015-E100-4483-992C-4555CCC12305}.Debug|Win32.Build.0 = Debug|Win32
		{2D500015-E100-4483-992C-4555CCC12305}.Debug|x64.ActiveCfg = Debug|x64
		{2D500015-E100-4483-992C-4555CCC12305}.Debug|x64.Build.0 = Debug|x64
		{2D500015-E100-4483-992C-4555CCC12305}.Release|Win32.ActiveCfg = Release|Win32
		{2D500015-E100-4483-992C-4555CCC12305}.Release|Win32.Build.0 = Release|Win32
		{2D500015-E100-4483-992C-4555CCC12305}.Release|x64.ActiveCfg = Release|x64
		{2D500015-E100-4483-992C-4555CCC12305}.Release|x64.Build.0 = Release|x64
		{596C1F35-602E-4105-B1E1-C26740B462EA}.Debug|Win32.ActiveCfg = Debug|Win32
		{596C1F35-602E-4105-B1E1-C26740B462EA}.Debug|Win32.Build.0 = Debug|Win32
		{596C1F35-602E-4105-B1E1-C26740B462EA}.Debug|x64.ActiveCfg = Debug|x64
		{596C1F35-602E-4105-B1E1-C26740B462EA}.Debug|x64.Build.0 = Debug|x64
		{596C1F35-602E-4105-B1E1-C26740B462EA}.Release|Win32.ActiveCfg = Release|Win32
		{596C1F35-602E-4105-B1E1-C26740B462EA}.Release|Win32.Build.0 = Release|Win32
		{596C1F35-602E-4105-B1E1-C26740B462EA}.Release|x64.ActiveCfg = Release|x64
		{7FE85B25-22CF-4CB1-945A-99613AD3CEED}.Debug|Win32.ActiveCfg = Debug|Win32
		{7FE85B25-22CF-4CB1-945A-99613AD3CEED}.Debug|Win32.Build.0 = Debug|Win32
		{7FE85B25-22CF-4CB1-945A-99613AD3CEED}.Debug|x64.ActiveCfg = Debug|x64
		{7FE85B25-22CF-4CB1-945A-99613AD3CEED}.Debug|x64.Build.0 = Debug|x64
		{7FE85B25-22CF-4CB1-945A-99613AD3CEED}.Release|Win32.ActiveCfg = Release|Win32
		{7FE85B25-22CF-4CB1-945A-99613AD3CEED}.Release|Win32.Build.0 = Release|Win32
		{7FE85B25-22CF-4CB1-945A-99613AD3CEED}.Release|x64.ActiveCfg = Release|x64
		{7FE85B25-22CF-4CB1-945A-99613AD3CEED}.Release|x64.Build.0 = Release|x64
		{5A5EC128-73CD-4A69-9C53-88154EE1AA73}.Debug|Win32.ActiveCfg = Debug|Win32
		{5A5EC128-73CD-4A69-9C53-88154EE1AA73}.Debug|Win32.Build.0 = Debug|Win32
		{5A5EC128-73CD-4A69-9C53-88154EE1AA73}.Debug|x64.ActiveCfg = Debug|x64
		{5A5EC128-73CD-4A69-9C53-88154EE1AA73}.Debug|x64.Build.0 = Debug|x64
		{5A5EC128-73CD-4A69-9C53-88154EE1AA73}.Release|Win32.ActiveCfg = Release|Win32
		{5A5EC128-73CD-4A69-9C53-88154EE1AA73}.Release|Win32.Build.0 = Release|Win32
		{5A5EC128-73CD-4A69-9C53-88154EE1AA73}.Release|x64.ActiveCfg = Release|x64
		{5A5EC128-73CD-4A69-9C53-88154EE1AA73}.Release|x64.Build.0 = Release|x64
		{4D4F44FA-5ED1-4D18-8E88-795F1B2D0CDA}.Debug|Win32.ActiveCfg = Debug|Win32
		{4D4F44FA-5ED1-4D18-8E88-795F1B2D0CDA}.Debug|Win32.Build.0 = Debug|Win32
		{4D4F44FA-5ED1-4D18-8E88-795F1B2D0CDA}.Debug|x64.ActiveCfg = Debug|x64
		{4D4F44FA-5ED1-4D18-8E88-795F1B2D0CDA}.Debug|x64.Build.0 = Debug|x64
		{4D4F44FA-5ED1-4D18-8E88-795F1B2D0CDA}.Release|Win32.ActiveCfg = Release|Win32
		{4D4F44FA-5ED1-4D18-8E88-795F1B2D0CDA}.Release|Win32.Build.0 = Release|Win32
		{4D4F44FA-5ED1-4D18-8E88-795F1B2D0CDA}.Release|x64.ActiveCfg = Release|x64
		{4D4F44FA-5ED1-4D18-8E88-795F1B2D0CDA}.Release|x64.Build.0 = Release|x64
		{334ED6D4-4749-4373-9732-8CE87FF9DB45}.Debug|Win32.ActiveCfg = Debug|Win32
		{334ED6D4-4749-4373-9732-8CE87FF9DB45}.Debug|Win32.Build.0 = Debug|Win32
		{334ED6D4-4749-4373-9732-8CE87FF9DB45}.Debug|x64.ActiveCfg = Debug|x64
		{334ED6D4-4749-4373-9732-8CE87FF9DB45}.Debug|x64.Build.0 = Debug|x64
		{334ED6D4-4749-4373-9732-8CE87FF9DB45}.Release|Win32.ActiveCfg = Release|Win32
		{334ED6D4-4749-4373-9732-8CE87FF9DB45}.Release|Win32.Build.0 = Release|Win32
		{334ED6D4-4749-4373-9732-8CE87FF9DB45}.Release|x64.ActiveCfg = Release|x64
		{334ED6D4-4749-4373-9732-8CE87FF9DB45}.Release|x64.Build.0 = Release|x64
	EndGlobalSection
	GlobalSection(SolutionProperties) = preSolution
		HideSolutionNode = FALSE
	EndGlobalSection
	GlobalSection(ExtensibilityGlobals) = postSolution
		QtVersion = qt-4.8.0-vs2010
		Qt5Version = qt-4.8.0-vs2010
	EndGlobalSection
EndGlobal
