<?xml version="1.0" encoding="utf-8"?>
<Project ToolsVersion="4.0" xmlns="http://schemas.microsoft.com/developer/msbuild/2003">
  <ItemGroup>
    <Filter Include="Source Files">
      <UniqueIdentifier>{4FC737F1-C7A5-4376-A066-2A32D752A2FF}</UniqueIdentifier>
      <Extensions>cpp;cxx;c;def</Extensions>
    </Filter>
    <Filter Include="Header Files">
      <UniqueIdentifier>{93995380-89BD-4b04-88EB-625FBE52EBFB}</UniqueIdentifier>
      <Extensions>h</Extensions>
    </Filter>
    <Filter Include="Form Files">
      <UniqueIdentifier>{99349809-55BA-4b9d-BF79-8FDBB0286EB3}</UniqueIdentifier>
      <Extensions>ui</Extensions>
    </Filter>
    <Filter Include="Resource Files">
      <UniqueIdentifier>{D9D6E242-F8AF-46E4-B9FD-80ECBC20BA3E}</UniqueIdentifier>
      <Extensions>qrc;*</Extensions>
      <ParseFiles>false</ParseFiles>
    </Filter>
    <Filter Include="Generated Files">
      <UniqueIdentifier>{71ED8ED8-ACB9-4CE9-BBE1-E00B30144E11}</UniqueIdentifier>
      <Extensions>moc;h;cpp</Extensions>
      <SourceControlFiles>False</SourceControlFiles>
    </Filter>
    <Filter Include="Generated Files\Debug">
      <UniqueIdentifier>{e888b681-8fea-484f-9075-c5630ccb25a9}</UniqueIdentifier>
      <Extensions>cpp;moc</Extensions>
      <SourceControlFiles>False</SourceControlFiles>
    </Filter>
    <Filter Include="Generated Files\Release">
      <UniqueIdentifier>{039d96b3-889e-4e5b-afd2-9e92ad0bec27}</UniqueIdentifier>
      <Extensions>cpp;moc</Extensions>
      <SourceControlFiles>False</SourceControlFiles>
    </Filter>
  </ItemGroup>
  <ItemGroup>
    <ClCompile Include="main.cpp">
      <Filter>Source Files</Filter>
    </ClCompile>
    <ClCompile Include="consistency_vis.cpp">
      <Filter>Source Files</Filter>
    </ClCompile>
    <ClCompile Include="GeneratedFiles\Debug\moc_consistency_vis.cpp">
      <Filter>Generated Files\Debug</Filter>
    </ClCompile>
    <ClCompile Include="GeneratedFiles\Release\moc_consistency_vis.cpp">
      <Filter>Generated Files\Release</Filter>
    </ClCompile>
    <ClCompile Include="GeneratedFiles\qrc_consistency_vis.cpp">
      <Filter>Generated Files</Filter>
    </ClCompile>
    <ClCompile Include="consistency_common.cpp">
      <Filter>Source Files</Filter>
    </ClCompile>
    <ClCompile Include="image_generator.cpp">
      <Filter>Source Files</Filter>
    </ClCompile>
    <ClCompile Include="GeneratedFiles\Debug\moc_series_item_widget.cpp">
      <Filter>Generated Files\Debug</Filter>
    </ClCompile>
    <ClCompile Include="GeneratedFiles\Release\moc_series_item_widget.cpp">
      <Filter>Generated Files\Release</Filter>
    </ClCompile>
    <ClCompile Include="series_item_widget.cpp">
      <Filter>Source Files</Filter>
    </ClCompile>
    <ClCompile Include="GeneratedFiles\Debug\moc_plat_image_view.cpp">
      <Filter>Generated Files\Debug</Filter>
    </ClCompile>
    <ClCompile Include="GeneratedFiles\Release\moc_plat_image_view.cpp">
      <Filter>Generated Files\Release</Filter>
    </ClCompile>
    <ClCompile Include="plat_image_view.cpp">
      <Filter>Source Files</Filter>
    </ClCompile>
    <ClCompile Include="GeneratedFiles\Debug\moc_stacked_image_view.cpp">
      <Filter>Generated Files\Debug</Filter>
    </ClCompile>
    <ClCompile Include="GeneratedFiles\Release\moc_stacked_image_view.cpp">
      <Filter>Generated Files\Release</Filter>
    </ClCompile>
    <ClCompile Include="stacked_image_view.cpp">
      <Filter>Source Files</Filter>
    </ClCompile>
    <ClCompile Include="qcolor_bar_controller.cpp">
      <Filter>Source Files</Filter>
    </ClCompile>
    <ClCompile Include="GeneratedFiles\Debug\moc_image_theme_view.cpp">
      <Filter>Generated Files\Debug</Filter>
    </ClCompile>
    <ClCompile Include="GeneratedFiles\Release\moc_image_theme_view.cpp">
      <Filter>Generated Files\Release</Filter>
    </ClCompile>
    <ClCompile Include="image_theme_view.cpp">
      <Filter>Source Files</Filter>
    </ClCompile>
    <ClCompile Include="GeneratedFiles\Debug\moc_segment_image.cpp">
      <Filter>Generated Files\Debug</Filter>
    </ClCompile>
    <ClCompile Include="GeneratedFiles\Release\moc_segment_image.cpp">
      <Filter>Generated Files\Release</Filter>
    </ClCompile>
    <ClCompile Include="segement_image.cpp">
      <Filter>Source Files</Filter>
    </ClCompile>
  </ItemGroup>
  <ItemGroup>
    <CustomBuild Include="consistency_vis.h">
      <Filter>Header Files</Filter>
    </CustomBuild>
    <CustomBuild Include="consistency_vis.ui">
      <Filter>Form Files</Filter>
    </CustomBuild>
    <CustomBuild Include="consistency_vis.qrc">
      <Filter>Resource Files</Filter>
    </CustomBuild>
    <CustomBuild Include="series_item_widget.h">
      <Filter>Header Files</Filter>
    </CustomBuild>
    <CustomBuild Include="plat_image_view.h">
      <Filter>Header Files</Filter>
    </CustomBuild>
    <CustomBuild Include="stacked_image_view.h">
      <Filter>Header Files</Filter>
    </CustomBuild>
    <CustomBuild Include="consistency_common.h">
      <Filter>Header Files</Filter>
    </CustomBuild>
    <CustomBuild Include="image_theme_view.h">
      <Filter>Header Files</Filter>
    </CustomBuild>
    <CustomBuild Include="segment_image.h">
      <Filter>Header Files</Filter>
    </CustomBuild>
  </ItemGroup>
  <ItemGroup>
    <ClInclude Include="GeneratedFiles\ui_consistency_vis.h">
      <Filter>Generated Files</Filter>
    </ClInclude>
    <ClInclude Include="image_generator.h">
      <Filter>Header Files</Filter>
    </ClInclude>
    <ClInclude Include="qcolor_bar_controller.h">
      <Filter>Header Files</Filter>
    </ClInclude>
    <ClInclude Include="data_type.h">
      <Filter>Header Files</Filter>
    </ClInclude>
  </ItemGroup>
</Project>